
Microsoft Visual Studio Solution File, Format Version 12.00
# Visual Studio Version 16
VisualStudioVersion = 16.0.29102.190
MinimumVisualStudioVersion = 10.0.40219.1
Project("{FAE04EC0-301F-11D3-BF4B-00C04F79EFBC}") = "MultiServe.Net", "MultiServe.Net\MultiServe.Net.csproj", "{81EACFC2-BC1C-46C5-85FD-40EA088150E9}"
EndProject
Global
	GlobalSection(SolutionConfigurationPlatforms) = preSolution
		Debug|Any CPU = Debug|Any CPU
		Release|Any CPU = Release|Any CPU
	EndGlobalSection
	GlobalSection(ProjectConfigurationPlatforms) = postSolution
		{81EACFC2-BC1C-46C5-85FD-40EA088150E9}.Debug|Any CPU.ActiveCfg = Debug|Any CPU
		{81EACFC2-BC1C-46C5-85FD-40EA088150E9}.Debug|Any CPU.Build.0 = Debug|Any CPU
		{81EACFC2-BC1C-46C5-85FD-40EA088150E9}.Release|Any CPU.ActiveCfg = Release|Any CPU
		{81EACFC2-BC1C-46C5-85FD-40EA088150E9}.Release|Any CPU.Build.0 = Release|Any CPU
	EndGlobalSection
	GlobalSection(SolutionProperties) = preSolution
		HideSolutionNode = FALSE
	EndGlobalSection
	GlobalSection(ExtensibilityGlobals) = postSolution
		SolutionGuid = {10C12077-DA03-4C0A-9AE5-38FCE1927C45}
	EndGlobalSection
EndGlobal
